
Microsoft Visual Studio Solution File, Format Version 12.00
# Visual Studio Version 16
VisualStudioVersion = 16.0.31829.152
MinimumVisualStudioVersion = 10.0.40219.1
Project("{FAE04EC0-301F-11D3-BF4B-00C04F79EFBC}") = "ChanSlider", "ChanSlider\ChanSlider.csproj", "{D26429CC-D0A3-47F8-A776-DF41434F87B0}"
EndProject
Global
	GlobalSection(SolutionConfigurationPlatforms) = preSolution
		Debug|Any CPU = Debug|Any CPU
		Release|Any CPU = Release|Any CPU
	EndGlobalSection
	GlobalSection(ProjectConfigurationPlatforms) = postSolution
		{D26429CC-D0A3-47F8-A776-DF41434F87B0}.Debug|Any CPU.ActiveCfg = Debug|Any CPU
		{D26429CC-D0A3-47F8-A776-DF41434F87B0}.Debug|Any CPU.Build.0 = Debug|Any CPU
		{D26429CC-D0A3-47F8-A776-DF41434F87B0}.Release|Any CPU.ActiveCfg = Release|Any CPU
		{D26429CC-D0A3-47F8-A776-DF41434F87B0}.Release|Any CPU.Build.0 = Release|Any CPU
	EndGlobalSection
	GlobalSection(SolutionProperties) = preSolution
		HideSolutionNode = FALSE
	EndGlobalSection
	GlobalSection(ExtensibilityGlobals) = postSolution
		SolutionGuid = {3CBF2FE9-977F-4F98-A5CC-29AAE18EC7B6}
	EndGlobalSection
EndGlobal
